// !$*UTF8*$!
{
	archiveVersion = 1;
	classes = {
	};
	objectVersion = 46;
	objects = {

/* Begin PBXBuildFile section */
		ADF7FFAE1E80FB2100D4A28E /* main.m in Sources */ = {isa = PBXBuildFile; fileRef = ADF7FFAD1E80FB2100D4A28E /* main.m */; };
		ADF7FFB11E80FB2100D4A28E /* AppDelegate.m in Sources */ = {isa = PBXBuildFile; fileRef = ADF7FFB01E80FB2100D4A28E /* AppDelegate.m */; };
		ADF7FFB41E80FB2100D4A28E /* ViewController.m in Sources */ = {isa = PBXBuildFile; fileRef = ADF7FFB31E80FB2100D4A28E /* ViewController.m */; };
		ADF7FFB71E80FB2100D4A28E /* Main.storyboard in Resources */ = {isa = PBXBuildFile; fileRef = ADF7FFB51E80FB2100D4A28E /* Main.storyboard */; };
		ADF7FFB91E80FB2100D4A28E /* Assets.xcassets in Resources */ = {isa = PBXBuildFile; fileRef = ADF7FFB81E80FB2100D4A28E /* Assets.xcassets */; };
		ADF7FFBC1E80FB2100D4A28E /* LaunchScreen.storyboard in Resources */ = {isa = PBXBuildFile; fileRef = ADF7FFBA1E80FB2100D4A28E /* LaunchScreen.storyboard */; };
		ADF7FFC51E80FB4200D4A28E /* 203.jpg in Resources */ = {isa = PBXBuildFile; fileRef = ADF7FFC31E80FB4200D4A28E /* 203.jpg */; };
		ADF7FFC61E80FB4200D4A28E /* 269.jpg in Resources */ = {isa = PBXBuildFile; fileRef = ADF7FFC41E80FB4200D4A28E /* 269.jpg */; };
		ADF7FFC91E80FB5E00D4A28E /* EndViewController.m in Sources */ = {isa = PBXBuildFile; fileRef = ADF7FFC81E80FB5E00D4A28E /* EndViewController.m */; };
		ADF7FFCC1E80FBD100D4A28E /* BeginViewController.m in Sources */ = {isa = PBXBuildFile; fileRef = ADF7FFCB1E80FBD100D4A28E /* BeginViewController.m */; };
		ADF7FFCF1E81011C00D4A28E /* MagicAnimator.m in Sources */ = {isa = PBXBuildFile; fileRef = ADF7FFCE1E81011C00D4A28E /* MagicAnimator.m */; };
/* End PBXBuildFile section */

/* Begin PBXFileReference section */
		ADF7FFA91E80FB2100D4A28E /* CustomTransition.app */ = {isa = PBXFileReference; explicitFileType = wrapper.application; includeInIndex = 0; path = CustomTransition.app; sourceTree = BUILT_PRODUCTS_DIR; };
		ADF7FFAD1E80FB2100D4A28E /* main.m */ = {isa = PBXFileReference; lastKnownFileType = sourcecode.c.objc; path = main.m; sourceTree = "<group>"; };
		ADF7FFAF1E80FB2100D4A28E /* AppDelegate.h */ = {isa = PBXFileReference; lastKnownFileType = sourcecode.c.h; path = AppDelegate.h; sourceTree = "<group>"; };
		ADF7FFB01E80FB2100D4A28E /* AppDelegate.m */ = {isa = PBXFileReference; lastKnownFileType = sourcecode.c.objc; path = AppDelegate.m; sourceTree = "<group>"; };
		ADF7FFB21E80FB2100D4A28E /* ViewController.h */ = {isa = PBXFileReference; lastKnownFileType = sourcecode.c.h; path = ViewController.h; sourceTree = "<group>"; };
		ADF7FFB31E80FB2100D4A28E /* ViewController.m */ = {isa = PBXFileReference; lastKnownFileType = sourcecode.c.objc; path = ViewController.m; sourceTree = "<group>"; };
		ADF7FFB61E80FB2100D4A28E /* Base */ = {isa = PBXFileReference; lastKnownFileType = file.storyboard; name = Base; path = Base.lproj/Main.storyboard; sourceTree = "<group>"; };
		ADF7FFB81E80FB2100D4A28E /* Assets.xcassets */ = {isa = PBXFileReference; lastKnownFileType = folder.assetcatalog; path = Assets.xcassets; sourceTree = "<group>"; };
		ADF7FFBB1E80FB2100D4A28E /* Base */ = {isa = PBXFileReference; lastKnownFileType = file.storyboard; name = Base; path = Base.lproj/LaunchScreen.storyboard; sourceTree = "<group>"; };
		ADF7FFBD1E80FB2100D4A28E /* Info.plist */ = {isa = PBXFileReference; lastKnownFileType = text.plist.xml; path = Info.plist; sourceTree = "<group>"; };
		ADF7FFC31E80FB4200D4A28E /* 203.jpg */ = {isa = PBXFileReference; lastKnownFileType = image.jpeg; path = 203.jpg; sourceTree = "<group>"; };
		ADF7FFC41E80FB4200D4A28E /* 269.jpg */ = {isa = PBXFileReference; lastKnownFileType = image.jpeg; path = 269.jpg; sourceTree = "<group>"; };
		ADF7FFC71E80FB5E00D4A28E /* EndViewController.h */ = {isa = PBXFileReference; fileEncoding = 4; lastKnownFileType = sourcecode.c.h; path = EndViewController.h; sourceTree = "<group>"; };
		ADF7FFC81E80FB5E00D4A28E /* EndViewController.m */ = {isa = PBXFileReference; fileEncoding = 4; lastKnownFileType = sourcecode.c.objc; path = EndViewController.m; sourceTree = "<group>"; };
		ADF7FFCA1E80FBD100D4A28E /* BeginViewController.h */ = {isa = PBXFileReference; fileEncoding = 4; lastKnownFileType = sourcecode.c.h; path = BeginViewController.h; sourceTree = "<group>"; };
		ADF7FFCB1E80FBD100D4A28E /* BeginViewController.m */ = {isa = PBXFileReference; fileEncoding = 4; lastKnownFileType = sourcecode.c.objc; path = BeginViewController.m; sourceTree = "<group>"; };
		ADF7FFCD1E81011C00D4A28E /* MagicAnimator.h */ = {isa = PBXFileReference; fileEncoding = 4; lastKnownFileType = sourcecode.c.h; path = MagicAnimator.h; sourceTree = "<group>"; };
		ADF7FFCE1E81011C00D4A28E /* MagicAnimator.m */ = {isa = PBXFileReference; fileEncoding = 4; lastKnownFileType = sourcecode.c.objc; path = MagicAnimator.m; sourceTree = "<group>"; };
/* End PBXFileReference section */

/* Begin PBXFrameworksBuildPhase section */
		ADF7FFA61E80FB2100D4A28E /* Frameworks */ = {
			isa = PBXFrameworksBuildPhase;
			buildActionMask = 2147483647;
			files = (
			);
			runOnlyForDeploymentPostprocessing = 0;
		};
/* End PBXFrameworksBuildPhase section */

/* Begin PBXGroup section */
		ADF7FFA01E80FB2000D4A28E = {
			isa = PBXGroup;
			children = (
				ADF7FFAB1E80FB2100D4A28E /* CustomTransition */,
				ADF7FFAA1E80FB2100D4A28E /* Products */,
			);
			sourceTree = "<group>";
		};
		ADF7FFAA1E80FB2100D4A28E /* Products */ = {
			isa = PBXGroup;
			children = (
				ADF7FFA91E80FB2100D4A28E /* CustomTransition.app */,
			);
			name = Products;
			sourceTree = "<group>";
		};
		ADF7FFAB1E80FB2100D4A28E /* CustomTransition */ = {
			isa = PBXGroup;
			children = (
				ADF7FFAF1E80FB2100D4A28E /* AppDelegate.h */,
				ADF7FFB01E80FB2100D4A28E /* AppDelegate.m */,
				ADF7FFB21E80FB2100D4A28E /* ViewController.h */,
				ADF7FFB31E80FB2100D4A28E /* ViewController.m */,
				ADF7FFCA1E80FBD100D4A28E /* BeginViewController.h */,
				ADF7FFCB1E80FBD100D4A28E /* BeginViewController.m */,
				ADF7FFC71E80FB5E00D4A28E /* EndViewController.h */,
				ADF7FFC81E80FB5E00D4A28E /* EndViewController.m */,
				ADF7FFCD1E81011C00D4A28E /* MagicAnimator.h */,
				ADF7FFCE1E81011C00D4A28E /* MagicAnimator.m */,
				ADF7FFC31E80FB4200D4A28E /* 203.jpg */,
				ADF7FFC41E80FB4200D4A28E /* 269.jpg */,
				ADF7FFB51E80FB2100D4A28E /* Main.storyboard */,
				ADF7FFB81E80FB2100D4A28E /* Assets.xcassets */,
				ADF7FFBA1E80FB2100D4A28E /* LaunchScreen.storyboard */,
				ADF7FFBD1E80FB2100D4A28E /* Info.plist */,
				ADF7FFAC1E80FB2100D4A28E /* Supporting Files */,
			);
			path = CustomTransition;
			sourceTree = "<group>";
		};
		ADF7FFAC1E80FB2100D4A28E /* Supporting Files */ = {
			isa = PBXGroup;
			children = (
				ADF7FFAD1E80FB2100D4A28E /* main.m */,
			);
			name = "Supporting Files";
			sourceTree = "<group>";
		};
/* End PBXGroup section */

/* Begin PBXNativeTarget section */
		ADF7FFA81E80FB2100D4A28E /* CustomTransition */ = {
			isa = PBXNativeTarget;
			buildConfigurationList = ADF7FFC01E80FB2100D4A28E /* Build configuration list for PBXNativeTarget "CustomTransition" */;
			buildPhases = (
				ADF7FFA51E80FB2100D4A28E /* Sources */,
				ADF7FFA61E80FB2100D4A28E /* Frameworks */,
				ADF7FFA71E80FB2100D4A28E /* Resources */,
			);
			buildRules = (
			);
			dependencies = (
			);
			name = CustomTransition;
			productName = CustomTransition;
			productReference = ADF7FFA91E80FB2100D4A28E /* CustomTransition.app */;
			productType = "com.apple.product-type.application";
		};
/* End PBXNativeTarget section */

/* Begin PBXProject section */
		ADF7FFA11E80FB2000D4A28E /* Project object */ = {
			isa = PBXProject;
			attributes = {
				LastUpgradeCheck = 0820;
				ORGANIZATIONNAME = syang;
				TargetAttributes = {
					ADF7FFA81E80FB2100D4A28E = {
						CreatedOnToolsVersion = 8.2.1;
						ProvisioningStyle = Automatic;
					};
				};
			};
			buildConfigurationList = ADF7FFA41E80FB2000D4A28E /* Build configuration list for PBXProject "CustomTransition" */;
			compatibilityVersion = "Xcode 3.2";
			developmentRegion = English;
			hasScannedForEncodings = 0;
			knownRegions = (
				en,
				Base,
			);
			mainGroup = ADF7FFA01E80FB2000D4A28E;
			productRefGroup = ADF7FFAA1E80FB2100D4A28E /* Products */;
			projectDirPath = "";
			projectRoot = "";
			targets = (
				ADF7FFA81E80FB2100D4A28E /* CustomTransition */,
			);
		};
/* End PBXProject section */

/* Begin PBXResourcesBuildPhase section */
		ADF7FFA71E80FB2100D4A28E /* Resources */ = {
			isa = PBXResourcesBuildPhase;
			buildActionMask = 2147483647;
			files = (
				ADF7FFBC1E80FB2100D4A28E /* LaunchScreen.storyboard in Resources */,
				ADF7FFC61E80FB4200D4A28E /* 269.jpg in Resources */,
				ADF7FFB91E80FB2100D4A28E /* Assets.xcassets in Resources */,
				ADF7FFB71E80FB2100D4A28E /* Main.storyboard in Resources */,
				ADF7FFC51E80FB4200D4A28E /* 203.jpg in Resources */,
			);
			runOnlyForDeploymentPostprocessing = 0;
		};
/* End PBXResourcesBuildPhase section */

/* Begin PBXSourcesBuildPhase section */
		ADF7FFA51E80FB2100D4A28E /* Sources */ = {
			isa = PBXSourcesBuildPhase;
			buildActionMask = 2147483647;
			files = (
				ADF7FFC91E80FB5E00D4A28E /* EndViewController.m in Sources */,
				ADF7FFB41E80FB2100D4A28E /* ViewController.m in Sources */,
				ADF7FFCF1E81011C00D4A28E /* MagicAnimator.m in Sources */,
				ADF7FFB11E80FB2100D4A28E /* AppDelegate.m in Sources */,
				ADF7FFAE1E80FB2100D4A28E /* main.m in Sources */,
				ADF7FFCC1E80FBD100D4A28E /* BeginViewController.m in Sources */,
			);
			runOnlyForDeploymentPostprocessing = 0;
		};
/* End PBXSourcesBuildPhase section */

/* Begin PBXVariantGroup section */
		ADF7FFB51E80FB2100D4A28E /* Main.storyboard */ = {
			isa = PBXVariantGroup;
			children = (
				ADF7FFB61E80FB2100D4A28E /* Base */,
			);
			name = Main.storyboard;
			sourceTree = "<group>";
		};
		ADF7FFBA1E80FB2100D4A28E /* LaunchScreen.storyboard */ = {
			isa = PBXVariantGroup;
			children = (
				ADF7FFBB1E80FB2100D4A28E /* Base */,
			);
			name = LaunchScreen.storyboard;
			sourceTree = "<group>";
		};
/* End PBXVariantGroup section */

/* Begin XCBuildConfiguration section */
		ADF7FFBE1E80FB2100D4A28E /* Debug */ = {
			isa = XCBuildConfiguration;
			buildSettings = {
				ALWAYS_SEARCH_USER_PATHS = NO;
				CLANG_ANALYZER_NONNULL = YES;
				CLANG_CXX_LANGUAGE_STANDARD = "gnu++0x";
				CLANG_CXX_LIBRARY = "libc++";
				CLANG_ENABLE_MODULES = YES;
				CLANG_ENABLE_OBJC_ARC = YES;
				CLANG_WARN_BOOL_CONVERSION = YES;
				CLANG_WARN_CONSTANT_CONVERSION = YES;
				CLANG_WARN_DIRECT_OBJC_ISA_USAGE = YES_ERROR;
				CLANG_WARN_DOCUMENTATION_COMMENTS = YES;
				CLANG_WARN_EMPTY_BODY = YES;
				CLANG_WARN_ENUM_CONVERSION = YES;
				CLANG_WARN_INFINITE_RECURSION = YES;
				CLANG_WARN_INT_CONVERSION = YES;
				CLANG_WARN_OBJC_ROOT_CLASS = YES_ERROR;
				CLANG_WARN_SUSPICIOUS_MOVE = YES;
				CLANG_WARN_UNREACHABLE_CODE = YES;
				CLANG_WARN__DUPLICATE_METHOD_MATCH = YES;
				"CODE_SIGN_IDENTITY[sdk=iphoneos*]" = "iPhone Developer";
				COPY_PHASE_STRIP = NO;
				DEBUG_INFORMATION_FORMAT = dwarf;
				ENABLE_STRICT_OBJC_MSGSEND = YES;
				ENABLE_TESTABILITY = YES;
				GCC_C_LANGUAGE_STANDARD = gnu99;
				GCC_DYNAMIC_NO_PIC = NO;
				GCC_NO_COMMON_BLOCKS = YES;
				GCC_OPTIMIZATION_LEVEL = 0;
				GCC_PREPROCESSOR_DEFINITIONS = (
					"DEBUG=1",
					"$(inherited)",
				);
				GCC_WARN_64_TO_32_BIT_CONVERSION = YES;
				GCC_WARN_ABOUT_RETURN_TYPE = YES_ERROR;
				GCC_WARN_UNDECLARED_SELECTOR = YES;
				GCC_WARN_UNINITIALIZED_AUTOS = YES_AGGRESSIVE;
				GCC_WARN_UNUSED_FUNCTION = YES;
				GCC_WARN_UNUSED_VARIABLE = YES;
				IPHONEOS_DEPLOYMENT_TARGET = 8.0;
				MTL_ENABLE_DEBUG_INFO = YES;
				ONLY_ACTIVE_ARCH = YES;
				SDKROOT = iphoneos;
			};
			name = Debug;
		};
		ADF7FFBF1E80FB2100D4A28E /* Release */ = {
			isa = XCBuildConfiguration;
			buildSettings = {
				ALWAYS_SEARCH_USER_PATHS = NO;
				CLANG_ANALYZER_NONNULL = YES;
				CLANG_CXX_LANGUAGE_STANDARD = "gnu++0x";
				CLANG_CXX_LIBRARY = "libc++";
				CLANG_ENABLE_MODULES = YES;
				CLANG_ENABLE_OBJC_ARC = YES;
				CLANG_WARN_BOOL_CONVERSION = YES;
				CLANG_WARN_CONSTANT_CONVERSION = YES;
				CLANG_WARN_DIRECT_OBJC_ISA_USAGE = YES_ERROR;
				CLANG_WARN_DOCUMENTATION_COMMENTS = YES;
				CLANG_WARN_EMPTY_BODY = YES;
				CLANG_WARN_ENUM_CONVERSION = YES;
				CLANG_WARN_INFINITE_RECURSION = YES;
				CLANG_WARN_INT_CONVERSION = YES;
				CLANG_WARN_OBJC_ROOT_CLASS = YES_ERROR;
				CLANG_WARN_SUSPICIOUS_MOVE = YES;
				CLANG_WARN_UNREACHABLE_CODE = YES;
				CLANG_WARN__DUPLICATE_METHOD_MATCH = YES;
				"CODE_SIGN_IDENTITY[sdk=iphoneos*]" = "iPhone Developer";
				COPY_PHASE_STRIP = NO;
				DEBUG_INFORMATION_FORMAT = "dwarf-with-dsym";
				ENABLE_NS_ASSERTIONS = NO;
				ENABLE_STRICT_OBJC_MSGSEND = YES;
				GCC_C_LANGUAGE_STANDARD = gnu99;
				GCC_NO_COMMON_BLOCKS = YES;
				GCC_WARN_64_TO_32_BIT_CONVERSION = YES;
				GCC_WARN_ABOUT_RETURN_TYPE = YES_ERROR;
				GCC_WARN_UNDECLARED_SELECTOR = YES;
				GCC_WARN_UNINITIALIZED_AUTOS = YES_AGGRESSIVE;
				GCC_WARN_UNUSED_FUNCTION = YES;
				GCC_WARN_UNUSED_VARIABLE = YES;
				IPHONEOS_DEPLOYMENT_TARGET = 8.0;
				MTL_ENABLE_DEBUG_INFO = NO;
				SDKROOT = iphoneos;
				VALIDATE_PRODUCT = YES;
			};
			name = Release;
		};
		ADF7FFC11E80FB2100D4A28E /* Debug */ = {
			isa = XCBuildConfiguration;
			buildSettings = {
				ASSETCATALOG_COMPILER_APPICON_NAME = AppIcon;
				INFOPLIST_FILE = CustomTransition/Info.plist;
				LD_RUNPATH_SEARCH_PATHS = "$(inherited) @executable_path/Frameworks";
				PRODUCT_BUNDLE_IDENTIFIER = com.syang.CustomTransition;
				PRODUCT_NAME = "$(TARGET_NAME)";
			};
			name = Debug;
		};
		ADF7FFC21E80FB2100D4A28E /* Release */ = {
			isa = XCBuildConfiguration;
			buildSettings = {
				ASSETCATALOG_COMPILER_APPICON_NAME = AppIcon;
				INFOPLIST_FILE = CustomTransition/Info.plist;
				LD_RUNPATH_SEARCH_PATHS = "$(inherited) @executable_path/Frameworks";
				PRODUCT_BUNDLE_IDENTIFIER = com.syang.CustomTransition;
				PRODUCT_NAME = "$(TARGET_NAME)";
			};
			name = Release;
		};
/* End XCBuildConfiguration section */

/* Begin XCConfigurationList section */
		ADF7FFA41E80FB2000D4A28E /* Build configuration list for PBXProject "CustomTransition" */ = {
			isa = XCConfigurationList;
			buildConfigurations = (
				ADF7FFBE1E80FB2100D4A28E /* Debug */,
				ADF7FFBF1E80FB2100D4A28E /* Release */,
			);
			defaultConfigurationIsVisible = 0;
			defaultConfigurationName = Release;
		};
		ADF7FFC01E80FB2100D4A28E /* Build configuration list for PBXNativeTarget "CustomTransition" */ = {
			isa = XCConfigurationList;
			buildConfigurations = (
				ADF7FFC11E80FB2100D4A28E /* Debug */,
				ADF7FFC21E80FB2100D4A28E /* Release */,
			);
			defaultConfigurationIsVisible = 0;
		};
/* End XCConfigurationList section */
	};
	rootObject = ADF7FFA11E80FB2000D4A28E /* Project object */;
}
